
Microsoft Visual Studio Solution File, Format Version 12.00
# Visual Studio Version 16
VisualStudioVersion = 25.0.1706.14
MinimumVisualStudioVersion = 10.0.40219.1
Project("{FAE04EC0-301F-11D3-BF4B-00C04F79EFBC}") = "Week6StringAndArrays", "Week6StringAndArrays\Week6StringAndArrays.csproj", "{6CC1A9CE-ACE8-49D8-A139-18FF11D567C8}"
EndProject
Project("{FAE04EC0-301F-11D3-BF4B-00C04F79EFBC}") = "Arrays", "Arrays\Arrays.csproj", "{A338ABFE-88E4-4779-A4A3-AD2D423611C7}"
EndProject
Project("{FAE04EC0-301F-11D3-BF4B-00C04F79EFBC}") = "NumberArrays", "NumberArrays\NumberArrays.csproj", "{D352694C-511D-4FE0-9D42-0C350F4F1F2F}"
EndProject
Project("{FAE04EC0-301F-11D3-BF4B-00C04F79EFBC}") = "RandomElement", "RandomElement\RandomElement.csproj", "{1D56D926-F0DC-440E-A3FB-6748161F3AC8}"
EndProject
Global
	GlobalSection(SolutionConfigurationPlatforms) = preSolution
		Debug|Any CPU = Debug|Any CPU
		Release|Any CPU = Release|Any CPU
	EndGlobalSection
	GlobalSection(ProjectConfigurationPlatforms) = postSolution
		{6CC1A9CE-ACE8-49D8-A139-18FF11D567C8}.Debug|Any CPU.ActiveCfg = Debug|Any CPU
		{6CC1A9CE-ACE8-49D8-A139-18FF11D567C8}.Debug|Any CPU.Build.0 = Debug|Any CPU
		{6CC1A9CE-ACE8-49D8-A139-18FF11D567C8}.Release|Any CPU.ActiveCfg = Release|Any CPU
		{6CC1A9CE-ACE8-49D8-A139-18FF11D567C8}.Release|Any CPU.Build.0 = Release|Any CPU
		{A338ABFE-88E4-4779-A4A3-AD2D423611C7}.Debug|Any CPU.ActiveCfg = Debug|Any CPU
		{A338ABFE-88E4-4779-A4A3-AD2D423611C7}.Debug|Any CPU.Build.0 = Debug|Any CPU
		{A338ABFE-88E4-4779-A4A3-AD2D423611C7}.Release|Any CPU.ActiveCfg = Release|Any CPU
		{A338ABFE-88E4-4779-A4A3-AD2D423611C7}.Release|Any CPU.Build.0 = Release|Any CPU
		{D352694C-511D-4FE0-9D42-0C350F4F1F2F}.Debug|Any CPU.ActiveCfg = Debug|Any CPU
		{D352694C-511D-4FE0-9D42-0C350F4F1F2F}.Debug|Any CPU.Build.0 = Debug|Any CPU
		{D352694C-511D-4FE0-9D42-0C350F4F1F2F}.Release|Any CPU.ActiveCfg = Release|Any CPU
		{D352694C-511D-4FE0-9D42-0C350F4F1F2F}.Release|Any CPU.Build.0 = Release|Any CPU
		{1D56D926-F0DC-440E-A3FB-6748161F3AC8}.Debug|Any CPU.ActiveCfg = Debug|Any CPU
		{1D56D926-F0DC-440E-A3FB-6748161F3AC8}.Debug|Any CPU.Build.0 = Debug|Any CPU
		{1D56D926-F0DC-440E-A3FB-6748161F3AC8}.Release|Any CPU.ActiveCfg = Release|Any CPU
		{1D56D926-F0DC-440E-A3FB-6748161F3AC8}.Release|Any CPU.Build.0 = Release|Any CPU
	EndGlobalSection
	GlobalSection(SolutionProperties) = preSolution
		HideSolutionNode = FALSE
	EndGlobalSection
	GlobalSection(ExtensibilityGlobals) = postSolution
		SolutionGuid = {0D6748C2-8CD5-400D-B192-563FD56998B5}
	EndGlobalSection
EndGlobal
